{
  "name": "crawler",
  "lockfileVersion": 2,
  "requires": true,
  "packages": {
    "": {
      "dependencies": {
        "fingerprint-generator": "^1.0.0",
        "fingerprint-injector": "^1.0.0"
      }
    },
    "node_modules/@apify/consts": {
      "version": "1.7.0",
      "resolved": "https://registry.npmjs.org/@apify/consts/-/consts-1.7.0.tgz",
      "integrity": "sha512-CL2LWWmnHAZ9XwUF8VR//FH8cXDOFzkJHZ5Z0o+OVic12W1r9dJdvkicvQOVUTbui4CpLw7JUNWRgml+W0pr6w=="
    },
    "node_modules/@apify/log": {
      "version": "1.1.10",
      "resolved": "https://registry.npmjs.org/@apify/log/-/log-1.1.10.tgz",
      "integrity": "sha512-NJw2bqJWyd8JGGdUmnudHKm4sbZfcRYHUeeXiN8YZWOVcoEIhIDhAH9P8YT2iN1celnuXlzq0w9JnIuQdrOFYA==",
      "dependencies": {
        "@apify/consts": "^1.7.0",
        "ansi-colors": "^4.1.1"
      }
    },
    "node_modules/@sindresorhus/is": {
      "version": "4.4.0",
      "resolved": "https://registry.npmjs.org/@sindresorhus/is/-/is-4.4.0.tgz",
      "integrity": "sha512-QppPM/8l3Mawvh4rn9CNEYIU9bxpXUCRMaX9yUpvBk1nMKusLKpfXGDEKExKaPhLzcn3lzil7pR6rnJ11HgeRQ==",
      "engines": {
        "node": ">=10"
      },
      "funding": {
        "url": "https://github.com/sindresorhus/is?sponsor=1"
      }
    },
    "node_modules/ansi-colors": {
      "version": "4.1.1",
      "resolved": "https://registry.npmjs.org/ansi-colors/-/ansi-colors-4.1.1.tgz",
      "integrity": "sha512-JoX0apGbHaUJBNl6yF+p6JAFYZ666/hhCGKN5t9QFjbJQKUU/g8MNbFDbvfrgKXvI1QpZplPOnwIo99lX/AAmA==",
      "engines": {
        "node": ">=6"
      }
    },
    "node_modules/callsites": {
      "version": "3.1.0",
      "resolved": "https://registry.npmjs.org/callsites/-/callsites-3.1.0.tgz",
      "integrity": "sha512-P8BjAsXvZS+VIDUI11hHCQEv74YT67YUi5JJFNWIqL235sBmjX4+qx9Muvls5ivyNENctx46xQLQ3aTuE7ssaQ==",
      "engines": {
        "node": ">=6"
      }
    },
    "node_modules/csv-parse": {
      "version": "4.16.3",
      "resolved": "https://registry.npmjs.org/csv-parse/-/csv-parse-4.16.3.tgz",
      "integrity": "sha512-cO1I/zmz4w2dcKHVvpCr7JVRu8/FymG5OEpmvsZYlccYolPBLoVGKUHgNoc4ZGkFeFlWGEDmMyBM+TTqRdW/wg=="
    },
    "node_modules/dot-prop": {
      "version": "6.0.1",
      "resolved": "https://registry.npmjs.org/dot-prop/-/dot-prop-6.0.1.tgz",
      "integrity": "sha512-tE7ztYzXHIeyvc7N+hR3oi7FIbf/NIjVP9hmAt3yMXzrQ072/fpjGLx2GxNxGxUl5V73MEqYzioOMoVhGMJ5cA==",
      "dependencies": {
        "is-obj": "^2.0.0"
      },
      "engines": {
        "node": ">=10"
      },
      "funding": {
        "url": "https://github.com/sponsors/sindresorhus"
      }
    },
    "node_modules/fingerprint-generator": {
      "version": "1.0.0",
      "resolved": "https://registry.npmjs.org/fingerprint-generator/-/fingerprint-generator-1.0.0.tgz",
      "integrity": "sha512-83I+qX+BZPnO2xHWTUpKTYckRvQFDd0sB8YPKLAprbBC6tY2Gz/FQjGPoGvprnpz9V5TPAl9fzXVSskkCW5ZoQ==",
      "dependencies": {
        "csv-parse": "^4.15.3",
        "generative-bayesian-network": "0.1.0-beta.1",
        "header-generator": "^1.1.3",
        "ow": "^0.24.1"
      }
    },
    "node_modules/fingerprint-injector": {
      "version": "1.0.0",
      "resolved": "https://registry.npmjs.org/fingerprint-injector/-/fingerprint-injector-1.0.0.tgz",
      "integrity": "sha512-dZD1FJuL8otwG+etuCBl0uNFMSWoZAbr2fhW2KWrLdMX0ryL9GG/11BBM/Pw7V6Iej+zx8EUZNz9TMhSwgyTEw==",
      "dependencies": {
        "@apify/log": "^1.0.5",
        "tslib": "^2.3.1",
        "useragent": "^2.3.0"
      },
      "engines": {
        "node": ">=15.10.0"
      }
    },
    "node_modules/generative-bayesian-network": {
      "version": "0.1.0-beta.1",
      "resolved": "https://registry.npmjs.org/generative-bayesian-network/-/generative-bayesian-network-0.1.0-beta.1.tgz",
      "integrity": "sha512-V+yQLb98dDU9vzwE7R+0kdEY3+cVu16+qg+VQEhrTXPcZj2EyPACJtnkSzFkKb4yDcnA3HM/L22kVIh0lF7GXg==",
      "dependencies": {
        "ow": "^0.23.0"
      }
    },
    "node_modules/generative-bayesian-network/node_modules/ow": {
      "version": "0.23.1",
      "resolved": "https://registry.npmjs.org/ow/-/ow-0.23.1.tgz",
      "integrity": "sha512-tU9NCFp5bFTPf4FytkimLv0RE2ej20R2HPgk6ZMgBg4yuERKxqjPMk0OXZbbX5vnB6k1TXL4qKJqhRTkUBtGPA==",
      "dependencies": {
        "@sindresorhus/is": "^4.0.0",
        "callsites": "^3.1.0",
        "dot-prop": "^6.0.1",
        "lodash.isequal": "^4.5.0",
        "type-fest": "^1.2.0",
        "vali-date": "^1.0.0"
      },
      "engines": {
        "node": ">=10"
      },
      "funding": {
        "url": "https://github.com/sponsors/sindresorhus"
      }
    },
    "node_modules/header-generator": {
      "version": "1.1.3",
      "resolved": "https://registry.npmjs.org/header-generator/-/header-generator-1.1.3.tgz",
      "integrity": "sha512-BqbsjZJHyQVJCrqqFL9IC3VJ77VqokxLggsWk9uqSM3mEQrtyIWo2PBJ023qoYSZRa9PuOEw5Uas/xRvQbVhTg==",
      "dependencies": {
        "generative-bayesian-network": "0.1.0-beta.1",
        "ow": "^0.23.0"
      }
    },
    "node_modules/header-generator/node_modules/ow": {
      "version": "0.23.1",
      "resolved": "https://registry.npmjs.org/ow/-/ow-0.23.1.tgz",
      "integrity": "sha512-tU9NCFp5bFTPf4FytkimLv0RE2ej20R2HPgk6ZMgBg4yuERKxqjPMk0OXZbbX5vnB6k1TXL4qKJqhRTkUBtGPA==",
      "dependencies": {
        "@sindresorhus/is": "^4.0.0",
        "callsites": "^3.1.0",
        "dot-prop": "^6.0.1",
        "lodash.isequal": "^4.5.0",
        "type-fest": "^1.2.0",
        "vali-date": "^1.0.0"
      },
      "engines": {
        "node": ">=10"
      },
      "funding": {
        "url": "https://github.com/sponsors/sindresorhus"
      }
    },
    "node_modules/is-obj": {
      "version": "2.0.0",
      "resolved": "https://registry.npmjs.org/is-obj/-/is-obj-2.0.0.tgz",
      "integrity": "sha512-drqDG3cbczxxEJRoOXcOjtdp1J/lyp1mNn0xaznRs8+muBhgQcrnbspox5X5fOw0HnMnbfDzvnEMEtqDEJEo8w==",
      "engines": {
        "node": ">=8"
      }
    },
    "node_modules/lodash.isequal": {
      "version": "4.5.0",
      "resolved": "https://registry.npmjs.org/lodash.isequal/-/lodash.isequal-4.5.0.tgz",
      "integrity": "sha1-QVxEePK8wwEgwizhDtMib30+GOA="
    },
    "node_modules/lru-cache": {
      "version": "4.1.5",
      "resolved": "https://registry.npmjs.org/lru-cache/-/lru-cache-4.1.5.tgz",
      "integrity": "sha512-sWZlbEP2OsHNkXrMl5GYk/jKk70MBng6UU4YI/qGDYbgf6YbP4EvmqISbXCoJiRKs+1bSpFHVgQxvJ17F2li5g==",
      "dependencies": {
        "pseudomap": "^1.0.2",
        "yallist": "^2.1.2"
      }
    },
    "node_modules/os-tmpdir": {
      "version": "1.0.2",
      "resolved": "https://registry.npmjs.org/os-tmpdir/-/os-tmpdir-1.0.2.tgz",
      "integrity": "sha1-u+Z0BseaqFxc/sdm/lc0VV36EnQ=",
      "engines": {
        "node": ">=0.10.0"
      }
    },
    "node_modules/ow": {
      "version": "0.24.1",
      "resolved": "https://registry.npmjs.org/ow/-/ow-0.24.1.tgz",
      "integrity": "sha512-RblFPB9PV1U0dNaQKmvnq3RkPb+B0lQjou1YakpAPxy8pQXIZqIfXtqvcft8KRKPgTJjtYQTYy1JvxzAviN1mA==",
      "dependencies": {
        "@sindresorhus/is": "^4.0.0",
        "callsites": "^3.1.0",
        "dot-prop": "^6.0.1",
        "lodash.isequal": "^4.5.0",
        "type-fest": "^1.2.0",
        "vali-date": "^1.0.0"
      },
      "engines": {
        "node": ">=12"
      },
      "funding": {
        "url": "https://github.com/sponsors/sindresorhus"
      }
    },
    "node_modules/pseudomap": {
      "version": "1.0.2",
      "resolved": "https://registry.npmjs.org/pseudomap/-/pseudomap-1.0.2.tgz",
      "integrity": "sha1-8FKijacOYYkX7wqKw0wa5aaChrM="
    },
    "node_modules/tmp": {
      "version": "0.0.33",
      "resolved": "https://registry.npmjs.org/tmp/-/tmp-0.0.33.tgz",
      "integrity": "sha512-jRCJlojKnZ3addtTOjdIqoRuPEKBvNXcGYqzO6zWZX8KfKEpnGY5jfggJQ3EjKuu8D4bJRr0y+cYJFmYbImXGw==",
      "dependencies": {
        "os-tmpdir": "~1.0.2"
      },
      "engines": {
        "node": ">=0.6.0"
      }
    },
    "node_modules/tslib": {
      "version": "2.3.1",
      "resolved": "https://registry.npmjs.org/tslib/-/tslib-2.3.1.tgz",
      "integrity": "sha512-77EbyPPpMz+FRFRuAFlWMtmgUWGe9UOG2Z25NqCwiIjRhOf5iKGuzSe5P2w1laq+FkRy4p+PCuVkJSGkzTEKVw=="
    },
    "node_modules/type-fest": {
      "version": "1.4.0",
      "resolved": "https://registry.npmjs.org/type-fest/-/type-fest-1.4.0.tgz",
      "integrity": "sha512-yGSza74xk0UG8k+pLh5oeoYirvIiWo5t0/o3zHHAO2tRDiZcxWP7fywNlXhqb6/r6sWvwi+RsyQMWhVLe4BVuA==",
      "engines": {
        "node": ">=10"
      },
      "funding": {
        "url": "https://github.com/sponsors/sindresorhus"
      }
    },
    "node_modules/useragent": {
      "version": "2.3.0",
      "resolved": "https://registry.npmjs.org/useragent/-/useragent-2.3.0.tgz",
      "integrity": "sha512-4AoH4pxuSvHCjqLO04sU6U/uE65BYza8l/KKBS0b0hnUPWi+cQ2BpeTEwejCSx9SPV5/U03nniDTrWx5NrmKdw==",
      "dependencies": {
        "lru-cache": "4.1.x",
        "tmp": "0.0.x"
      }
    },
    "node_modules/vali-date": {
      "version": "1.0.0",
      "resolved": "https://registry.npmjs.org/vali-date/-/vali-date-1.0.0.tgz",
      "integrity": "sha1-G5BKWWCfsyjvB4E4Qgk09rhnCaY=",
      "engines": {
        "node": ">=0.10.0"
      }
    },
    "node_modules/yallist": {
      "version": "2.1.2",
      "resolved": "https://registry.npmjs.org/yallist/-/yallist-2.1.2.tgz",
      "integrity": "sha1-HBH5IY8HYImkfdUS+TxmmaaoHVI="
    }
  },
  "dependencies": {
    "@apify/consts": {
      "version": "1.7.0",
      "resolved": "https://registry.npmjs.org/@apify/consts/-/consts-1.7.0.tgz",
      "integrity": "sha512-CL2LWWmnHAZ9XwUF8VR//FH8cXDOFzkJHZ5Z0o+OVic12W1r9dJdvkicvQOVUTbui4CpLw7JUNWRgml+W0pr6w=="
    },
    "@apify/log": {
      "version": "1.1.10",
      "resolved": "https://registry.npmjs.org/@apify/log/-/log-1.1.10.tgz",
      "integrity": "sha512-NJw2bqJWyd8JGGdUmnudHKm4sbZfcRYHUeeXiN8YZWOVcoEIhIDhAH9P8YT2iN1celnuXlzq0w9JnIuQdrOFYA==",
      "requires": {
        "@apify/consts": "^1.7.0",
        "ansi-colors": "^4.1.1"
      }
    },
    "@sindresorhus/is": {
      "version": "4.4.0",
      "resolved": "https://registry.npmjs.org/@sindresorhus/is/-/is-4.4.0.tgz",
      "integrity": "sha512-QppPM/8l3Mawvh4rn9CNEYIU9bxpXUCRMaX9yUpvBk1nMKusLKpfXGDEKExKaPhLzcn3lzil7pR6rnJ11HgeRQ=="
    },
    "ansi-colors": {
      "version": "4.1.1",
      "resolved": "https://registry.npmjs.org/ansi-colors/-/ansi-colors-4.1.1.tgz",
      "integrity": "sha512-JoX0apGbHaUJBNl6yF+p6JAFYZ666/hhCGKN5t9QFjbJQKUU/g8MNbFDbvfrgKXvI1QpZplPOnwIo99lX/AAmA=="
    },
    "callsites": {
      "version": "3.1.0",
      "resolved": "https://registry.npmjs.org/callsites/-/callsites-3.1.0.tgz",
      "integrity": "sha512-P8BjAsXvZS+VIDUI11hHCQEv74YT67YUi5JJFNWIqL235sBmjX4+qx9Muvls5ivyNENctx46xQLQ3aTuE7ssaQ=="
    },
    "csv-parse": {
      "version": "4.16.3",
      "resolved": "https://registry.npmjs.org/csv-parse/-/csv-parse-4.16.3.tgz",
      "integrity": "sha512-cO1I/zmz4w2dcKHVvpCr7JVRu8/FymG5OEpmvsZYlccYolPBLoVGKUHgNoc4ZGkFeFlWGEDmMyBM+TTqRdW/wg=="
    },
    "dot-prop": {
      "version": "6.0.1",
      "resolved": "https://registry.npmjs.org/dot-prop/-/dot-prop-6.0.1.tgz",
      "integrity": "sha512-tE7ztYzXHIeyvc7N+hR3oi7FIbf/NIjVP9hmAt3yMXzrQ072/fpjGLx2GxNxGxUl5V73MEqYzioOMoVhGMJ5cA==",
      "requires": {
        "is-obj": "^2.0.0"
      }
    },
    "fingerprint-generator": {
      "version": "1.0.0",
      "resolved": "https://registry.npmjs.org/fingerprint-generator/-/fingerprint-generator-1.0.0.tgz",
      "integrity": "sha512-83I+qX+BZPnO2xHWTUpKTYckRvQFDd0sB8YPKLAprbBC6tY2Gz/FQjGPoGvprnpz9V5TPAl9fzXVSskkCW5ZoQ==",
      "requires": {
        "csv-parse": "^4.15.3",
        "generative-bayesian-network": "0.1.0-beta.1",
        "header-generator": "^1.1.3",
        "ow": "^0.24.1"
      }
    },
    "fingerprint-injector": {
      "version": "1.0.0",
      "resolved": "https://registry.npmjs.org/fingerprint-injector/-/fingerprint-injector-1.0.0.tgz",
      "integrity": "sha512-dZD1FJuL8otwG+etuCBl0uNFMSWoZAbr2fhW2KWrLdMX0ryL9GG/11BBM/Pw7V6Iej+zx8EUZNz9TMhSwgyTEw==",
      "requires": {
        "@apify/log": "^1.0.5",
        "tslib": "^2.3.1",
        "useragent": "^2.3.0"
      }
    },
    "generative-bayesian-network": {
      "version": "0.1.0-beta.1",
      "resolved": "https://registry.npmjs.org/generative-bayesian-network/-/generative-bayesian-network-0.1.0-beta.1.tgz",
      "integrity": "sha512-V+yQLb98dDU9vzwE7R+0kdEY3+cVu16+qg+VQEhrTXPcZj2EyPACJtnkSzFkKb4yDcnA3HM/L22kVIh0lF7GXg==",
      "requires": {
        "ow": "^0.23.0"
      },
      "dependencies": {
        "ow": {
          "version": "0.23.1",
          "resolved": "https://registry.npmjs.org/ow/-/ow-0.23.1.tgz",
          "integrity": "sha512-tU9NCFp5bFTPf4FytkimLv0RE2ej20R2HPgk6ZMgBg4yuERKxqjPMk0OXZbbX5vnB6k1TXL4qKJqhRTkUBtGPA==",
          "requires": {
            "@sindresorhus/is": "^4.0.0",
            "callsites": "^3.1.0",
            "dot-prop": "^6.0.1",
            "lodash.isequal": "^4.5.0",
            "type-fest": "^1.2.0",
            "vali-date": "^1.0.0"
          }
        }
      }
    },
    "header-generator": {
      "version": "1.1.3",
      "resolved": "https://registry.npmjs.org/header-generator/-/header-generator-1.1.3.tgz",
      "integrity": "sha512-BqbsjZJHyQVJCrqqFL9IC3VJ77VqokxLggsWk9uqSM3mEQrtyIWo2PBJ023qoYSZRa9PuOEw5Uas/xRvQbVhTg==",
      "requires": {
        "generative-bayesian-network": "0.1.0-beta.1",
        "ow": "^0.23.0"
      },
      "dependencies": {
        "ow": {
          "version": "0.23.1",
          "resolved": "https://registry.npmjs.org/ow/-/ow-0.23.1.tgz",
          "integrity": "sha512-tU9NCFp5bFTPf4FytkimLv0RE2ej20R2HPgk6ZMgBg4yuERKxqjPMk0OXZbbX5vnB6k1TXL4qKJqhRTkUBtGPA==",
          "requires": {
            "@sindresorhus/is": "^4.0.0",
            "callsites": "^3.1.0",
            "dot-prop": "^6.0.1",
            "lodash.isequal": "^4.5.0",
            "type-fest": "^1.2.0",
            "vali-date": "^1.0.0"
          }
        }
      }
    },
    "is-obj": {
      "version": "2.0.0",
      "resolved": "https://registry.npmjs.org/is-obj/-/is-obj-2.0.0.tgz",
      "integrity": "sha512-drqDG3cbczxxEJRoOXcOjtdp1J/lyp1mNn0xaznRs8+muBhgQcrnbspox5X5fOw0HnMnbfDzvnEMEtqDEJEo8w=="
    },
    "lodash.isequal": {
      "version": "4.5.0",
      "resolved": "https://registry.npmjs.org/lodash.isequal/-/lodash.isequal-4.5.0.tgz",
      "integrity": "sha1-QVxEePK8wwEgwizhDtMib30+GOA="
    },
    "lru-cache": {
      "version": "4.1.5",
      "resolved": "https://registry.npmjs.org/lru-cache/-/lru-cache-4.1.5.tgz",
      "integrity": "sha512-sWZlbEP2OsHNkXrMl5GYk/jKk70MBng6UU4YI/qGDYbgf6YbP4EvmqISbXCoJiRKs+1bSpFHVgQxvJ17F2li5g==",
      "requires": {
        "pseudomap": "^1.0.2",
        "yallist": "^2.1.2"
      }
    },
    "os-tmpdir": {
      "version": "1.0.2",
      "resolved": "https://registry.npmjs.org/os-tmpdir/-/os-tmpdir-1.0.2.tgz",
      "integrity": "sha1-u+Z0BseaqFxc/sdm/lc0VV36EnQ="
    },
    "ow": {
      "version": "0.24.1",
      "resolved": "https://registry.npmjs.org/ow/-/ow-0.24.1.tgz",
      "integrity": "sha512-RblFPB9PV1U0dNaQKmvnq3RkPb+B0lQjou1YakpAPxy8pQXIZqIfXtqvcft8KRKPgTJjtYQTYy1JvxzAviN1mA==",
      "requires": {
        "@sindresorhus/is": "^4.0.0",
        "callsites": "^3.1.0",
        "dot-prop": "^6.0.1",
        "lodash.isequal": "^4.5.0",
        "type-fest": "^1.2.0",
        "vali-date": "^1.0.0"
      }
    },
    "pseudomap": {
      "version": "1.0.2",
      "resolved": "https://registry.npmjs.org/pseudomap/-/pseudomap-1.0.2.tgz",
      "integrity": "sha1-8FKijacOYYkX7wqKw0wa5aaChrM="
    },
    "tmp": {
      "version": "0.0.33",
      "resolved": "https://registry.npmjs.org/tmp/-/tmp-0.0.33.tgz",
      "integrity": "sha512-jRCJlojKnZ3addtTOjdIqoRuPEKBvNXcGYqzO6zWZX8KfKEpnGY5jfggJQ3EjKuu8D4bJRr0y+cYJFmYbImXGw==",
      "requires": {
        "os-tmpdir": "~1.0.2"
      }
    },
    "tslib": {
      "version": "2.3.1",
      "resolved": "https://registry.npmjs.org/tslib/-/tslib-2.3.1.tgz",
      "integrity": "sha512-77EbyPPpMz+FRFRuAFlWMtmgUWGe9UOG2Z25NqCwiIjRhOf5iKGuzSe5P2w1laq+FkRy4p+PCuVkJSGkzTEKVw=="
    },
    "type-fest": {
      "version": "1.4.0",
      "resolved": "https://registry.npmjs.org/type-fest/-/type-fest-1.4.0.tgz",
      "integrity": "sha512-yGSza74xk0UG8k+pLh5oeoYirvIiWo5t0/o3zHHAO2tRDiZcxWP7fywNlXhqb6/r6sWvwi+RsyQMWhVLe4BVuA=="
    },
    "useragent": {
      "version": "2.3.0",
      "resolved": "https://registry.npmjs.org/useragent/-/useragent-2.3.0.tgz",
      "integrity": "sha512-4AoH4pxuSvHCjqLO04sU6U/uE65BYza8l/KKBS0b0hnUPWi+cQ2BpeTEwejCSx9SPV5/U03nniDTrWx5NrmKdw==",
      "requires": {
        "lru-cache": "4.1.x",
        "tmp": "0.0.x"
      }
    },
    "vali-date": {
      "version": "1.0.0",
      "resolved": "https://registry.npmjs.org/vali-date/-/vali-date-1.0.0.tgz",
      "integrity": "sha1-G5BKWWCfsyjvB4E4Qgk09rhnCaY="
    },
    "yallist": {
      "version": "2.1.2",
      "resolved": "https://registry.npmjs.org/yallist/-/yallist-2.1.2.tgz",
      "integrity": "sha1-HBH5IY8HYImkfdUS+TxmmaaoHVI="
    }
  }
}
